{
  "projects": [
    {
      "projectId": "5t7S5k969EXd9MSJ9ASYQC",
      "version": "latest",
      "dependencies": {},
      "lang": "ts",
      "fileLocks": [
        {
          "type": "renderModule",
          "assetId": "KuyYvbE8JG",
          "checksum": "57865e26f54441f9813baeddb6cbf2e7"
        },
        {
          "type": "cssRules",
          "assetId": "KuyYvbE8JG",
          "checksum": "57865e26f54441f9813baeddb6cbf2e7"
        },
        {
          "type": "renderModule",
          "assetId": "rfl638tLfUW",
          "checksum": "83bb6482a6338573ef8d6d463c6af783"
        },
        {
          "type": "cssRules",
          "assetId": "rfl638tLfUW",
          "checksum": "83bb6482a6338573ef8d6d463c6af783"
        },
        {
          "type": "renderModule",
          "assetId": "PHMKSvzeub5",
          "checksum": "89401b65081d445f76f5b0bd8bb8ce91"
        },
        {
          "type": "cssRules",
          "assetId": "PHMKSvzeub5",
          "checksum": "89401b65081d445f76f5b0bd8bb8ce91"
        },
        {
          "type": "renderModule",
          "assetId": "sFoivAvf-j1",
          "checksum": "75204919d2be0c829bca9d9baec65808"
        },
        {
          "type": "cssRules",
          "assetId": "sFoivAvf-j1",
          "checksum": "75204919d2be0c829bca9d9baec65808"
        },
        {
          "type": "renderModule",
          "assetId": "kppNecCpAP-",
          "checksum": "14705cb97734ceff5cd1c82fa6a863e3"
        },
        {
          "type": "cssRules",
          "assetId": "kppNecCpAP-",
          "checksum": "14705cb97734ceff5cd1c82fa6a863e3"
        },
        {
          "type": "renderModule",
          "assetId": "xU-cWcmy92V",
          "checksum": "2def21e17aece90ab8e9b71845cbc7e4"
        },
        {
          "type": "cssRules",
          "assetId": "xU-cWcmy92V",
          "checksum": "2def21e17aece90ab8e9b71845cbc7e4"
        },
        {
          "type": "renderModule",
          "assetId": "6WZ_2qWZyHV",
          "checksum": "ada3c10e4cb4cadae62e5902ccc1840b"
        },
        {
          "type": "cssRules",
          "assetId": "6WZ_2qWZyHV",
          "checksum": "ada3c10e4cb4cadae62e5902ccc1840b"
        },
        {
          "type": "renderModule",
          "assetId": "I4IFKsqRdNe",
          "checksum": "152280781b24c70fae616cbd8fbdf295"
        },
        {
          "type": "cssRules",
          "assetId": "I4IFKsqRdNe",
          "checksum": "152280781b24c70fae616cbd8fbdf295"
        },
        {
          "type": "renderModule",
          "assetId": "l0wkiJrXNXP",
          "checksum": "8f07cfe820abfe6dd0ab280ac11e73ac"
        },
        {
          "type": "cssRules",
          "assetId": "l0wkiJrXNXP",
          "checksum": "8f07cfe820abfe6dd0ab280ac11e73ac"
        },
        {
          "type": "renderModule",
          "assetId": "q0nyFlnVwjD",
          "checksum": "b8db26e501175308518f711dd22b8534"
        },
        {
          "type": "cssRules",
          "assetId": "q0nyFlnVwjD",
          "checksum": "b8db26e501175308518f711dd22b8534"
        },
        {
          "type": "renderModule",
          "assetId": "aKyzrvvlJk",
          "checksum": "39d51624f85b04b621e832825aae1dc9"
        },
        {
          "type": "cssRules",
          "assetId": "aKyzrvvlJk",
          "checksum": "39d51624f85b04b621e832825aae1dc9"
        },
        {
          "type": "renderModule",
          "assetId": "4IQDdh-KQE",
          "checksum": "948f8b9eb95ef06c3ce820f1af8e14c8"
        },
        {
          "type": "cssRules",
          "assetId": "4IQDdh-KQE",
          "checksum": "948f8b9eb95ef06c3ce820f1af8e14c8"
        },
        {
          "type": "renderModule",
          "assetId": "IvF6Kt2H5Qj",
          "checksum": "7a5e48d615beb8d94b5fb2ee73286287"
        },
        {
          "type": "cssRules",
          "assetId": "IvF6Kt2H5Qj",
          "checksum": "7a5e48d615beb8d94b5fb2ee73286287"
        },
        {
          "type": "icon",
          "assetId": "LMrHWnKGrLS",
          "checksum": "5ef7f64947d610ebb56534ada8dd0889"
        },
        {
          "type": "icon",
          "assetId": "bTQMPszrkWO",
          "checksum": "75c4df68b4dec766cf8a9b2a9f8303f8"
        },
        {
          "type": "icon",
          "assetId": "Ws0Pw60qmKS",
          "checksum": "a1a6d5b698dc7c2944641f921e0cadc1"
        },
        {
          "type": "icon",
          "assetId": "_23PHN4xKTH",
          "checksum": "15b208e5d19a482886ddd634d6189aa6"
        },
        {
          "type": "icon",
          "assetId": "mnvf3XPhh3R",
          "checksum": "13e8ccaeb8b5a5dd9ea276334f26f187"
        },
        {
          "type": "icon",
          "assetId": "7IafN6Du7kh",
          "checksum": "77fe6418ee89038a4ddf91cf2f231ebc"
        },
        {
          "assetId": "5t7S5k969EXd9MSJ9ASYQC",
          "type": "projectCss",
          "checksum": "597eb3e96092afa651e752f2fd0c1cf7"
        }
      ],
      "codegenVersion": "0.0.1"
    },
    {
      "projectId": "4uu5c9sChXuUujLmH8KMdq",
      "version": "latest",
      "dependencies": {},
      "lang": "ts",
      "fileLocks": [
        {
          "type": "globalVariant",
          "assetId": "8SX3SkmzSmntB",
          "checksum": "5c57474ab0ef7aa3fb05dd0e83b39ae7"
        },
        {
          "type": "renderModule",
          "assetId": "-HJA9lO-JwGI",
          "checksum": "9c52e2a1b67d02dccb639f68daba3a4d"
        },
        {
          "type": "cssRules",
          "assetId": "-HJA9lO-JwGI",
          "checksum": "9c52e2a1b67d02dccb639f68daba3a4d"
        },
        {
          "type": "icon",
          "assetId": "bkcV15kFYgi",
          "checksum": "3dac9f731ddb3fa229915248f863a764"
        },
        {
          "type": "icon",
          "assetId": "TgaajrZ3TwG",
          "checksum": "5136b86b8c9a7f1d2171094d39e8915f"
        },
        {
          "assetId": "4uu5c9sChXuUujLmH8KMdq",
          "type": "projectCss",
          "checksum": "2265ae0a3576390d2cf1784a23f78ba5"
        },
        {
          "type": "renderModule",
          "assetId": "0jkahGZ5HbE",
          "checksum": "843a438a1f2d3aeb0522894e3d643b3a"
        },
        {
          "type": "cssRules",
          "assetId": "0jkahGZ5HbE",
          "checksum": "843a438a1f2d3aeb0522894e3d643b3a"
        },
        {
          "type": "renderModule",
          "assetId": "oeTaGbBRNn-",
          "checksum": "6b13fc713a97b3150a3442aa51504bc8"
        },
        {
          "type": "cssRules",
          "assetId": "oeTaGbBRNn-",
          "checksum": "6b13fc713a97b3150a3442aa51504bc8"
        },
        {
          "type": "renderModule",
          "assetId": "wxIrHL94XHR",
          "checksum": "1009ed243be91d40f4750f29f0799dcc"
        },
        {
          "type": "cssRules",
          "assetId": "wxIrHL94XHR",
          "checksum": "1009ed243be91d40f4750f29f0799dcc"
        },
        {
          "type": "renderModule",
          "assetId": "qihPgewIcLd",
          "checksum": "f1ce9246efbd74a78115e968e4976c55"
        },
        {
          "type": "cssRules",
          "assetId": "qihPgewIcLd",
          "checksum": "f1ce9246efbd74a78115e968e4976c55"
        }
      ],
      "codegenVersion": "0.0.1"
    }
  ],
  "cliVersion": "0.1.178"
}
